// !$*UTF8*$!
{
	archiveVersion = 1;
	classes = {
	};
	objectVersion = 46;
	objects = {

/* Begin PBXBuildFile section */
		86772B0C1D62EF6200D8AA03 /* main.m in Sources */ = {isa = PBXBuildFile; fileRef = 86772B0B1D62EF6200D8AA03 /* main.m */; };
		86772B0F1D62EF6200D8AA03 /* AppDelegate.m in Sources */ = {isa = PBXBuildFile; fileRef = 86772B0E1D62EF6200D8AA03 /* AppDelegate.m */; };
		86772B171D62EF6200D8AA03 /* Assets.xcassets in Resources */ = {isa = PBXBuildFile; fileRef = 86772B161D62EF6200D8AA03 /* Assets.xcassets */; };
		86772B1A1D62EF6200D8AA03 /* LaunchScreen.storyboard in Resources */ = {isa = PBXBuildFile; fileRef = 86772B181D62EF6200D8AA03 /* LaunchScreen.storyboard */; };
		86772B261D62EFAA00D8AA03 /* BannerIndexView.m in Sources */ = {isa = PBXBuildFile; fileRef = 86772B231D62EFAA00D8AA03 /* BannerIndexView.m */; };
		86772B271D62EFAA00D8AA03 /* NewPageFlowView.m in Sources */ = {isa = PBXBuildFile; fileRef = 86772B251D62EFAA00D8AA03 /* NewPageFlowView.m */; };
		86772B2A1D62EFF200D8AA03 /* MainViewController.m in Sources */ = {isa = PBXBuildFile; fileRef = 86772B291D62EFF200D8AA03 /* MainViewController.m */; };
/* End PBXBuildFile section */

/* Begin PBXFileReference section */
		86772B071D62EF6200D8AA03 /* NewPageFlowView.app */ = {isa = PBXFileReference; explicitFileType = wrapper.application; includeInIndex = 0; path = NewPageFlowView.app; sourceTree = BUILT_PRODUCTS_DIR; };
		86772B0B1D62EF6200D8AA03 /* main.m */ = {isa = PBXFileReference; lastKnownFileType = sourcecode.c.objc; path = main.m; sourceTree = "<group>"; };
		86772B0D1D62EF6200D8AA03 /* AppDelegate.h */ = {isa = PBXFileReference; lastKnownFileType = sourcecode.c.h; path = AppDelegate.h; sourceTree = "<group>"; };
		86772B0E1D62EF6200D8AA03 /* AppDelegate.m */ = {isa = PBXFileReference; lastKnownFileType = sourcecode.c.objc; path = AppDelegate.m; sourceTree = "<group>"; };
		86772B161D62EF6200D8AA03 /* Assets.xcassets */ = {isa = PBXFileReference; lastKnownFileType = folder.assetcatalog; path = Assets.xcassets; sourceTree = "<group>"; };
		86772B191D62EF6200D8AA03 /* Base */ = {isa = PBXFileReference; lastKnownFileType = file.storyboard; name = Base; path = Base.lproj/LaunchScreen.storyboard; sourceTree = "<group>"; };
		86772B1B1D62EF6200D8AA03 /* Info.plist */ = {isa = PBXFileReference; lastKnownFileType = text.plist.xml; path = Info.plist; sourceTree = "<group>"; };
		86772B221D62EFAA00D8AA03 /* BannerIndexView.h */ = {isa = PBXFileReference; fileEncoding = 4; lastKnownFileType = sourcecode.c.h; path = BannerIndexView.h; sourceTree = "<group>"; };
		86772B231D62EFAA00D8AA03 /* BannerIndexView.m */ = {isa = PBXFileReference; fileEncoding = 4; lastKnownFileType = sourcecode.c.objc; path = BannerIndexView.m; sourceTree = "<group>"; };
		86772B241D62EFAA00D8AA03 /* NewPageFlowView.h */ = {isa = PBXFileReference; fileEncoding = 4; lastKnownFileType = sourcecode.c.h; path = NewPageFlowView.h; sourceTree = "<group>"; };
		86772B251D62EFAA00D8AA03 /* NewPageFlowView.m */ = {isa = PBXFileReference; fileEncoding = 4; lastKnownFileType = sourcecode.c.objc; path = NewPageFlowView.m; sourceTree = "<group>"; };
		86772B281D62EFF200D8AA03 /* MainViewController.h */ = {isa = PBXFileReference; fileEncoding = 4; lastKnownFileType = sourcecode.c.h; path = MainViewController.h; sourceTree = "<group>"; };
		86772B291D62EFF200D8AA03 /* MainViewController.m */ = {isa = PBXFileReference; fileEncoding = 4; lastKnownFileType = sourcecode.c.objc; path = MainViewController.m; sourceTree = "<group>"; };
/* End PBXFileReference section */

/* Begin PBXFrameworksBuildPhase section */
		86772B041D62EF6200D8AA03 /* Frameworks */ = {
			isa = PBXFrameworksBuildPhase;
			buildActionMask = 2147483647;
			files = (
			);
			runOnlyForDeploymentPostprocessing = 0;
		};
/* End PBXFrameworksBuildPhase section */

/* Begin PBXGroup section */
		86772AFE1D62EF6200D8AA03 = {
			isa = PBXGroup;
			children = (
				86772B091D62EF6200D8AA03 /* NewPageFlowView */,
				86772B081D62EF6200D8AA03 /* Products */,
			);
			sourceTree = "<group>";
		};
		86772B081D62EF6200D8AA03 /* Products */ = {
			isa = PBXGroup;
			children = (
				86772B071D62EF6200D8AA03 /* NewPageFlowView.app */,
			);
			name = Products;
			sourceTree = "<group>";
		};
		86772B091D62EF6200D8AA03 /* NewPageFlowView */ = {
			isa = PBXGroup;
			children = (
				86772B211D62EFAA00D8AA03 /* NewPageFlowView */,
				86772B0D1D62EF6200D8AA03 /* AppDelegate.h */,
				86772B0E1D62EF6200D8AA03 /* AppDelegate.m */,
				86772B281D62EFF200D8AA03 /* MainViewController.h */,
				86772B291D62EFF200D8AA03 /* MainViewController.m */,
				86772B161D62EF6200D8AA03 /* Assets.xcassets */,
				86772B181D62EF6200D8AA03 /* LaunchScreen.storyboard */,
				86772B1B1D62EF6200D8AA03 /* Info.plist */,
				86772B0A1D62EF6200D8AA03 /* Supporting Files */,
			);
			path = NewPageFlowView;
			sourceTree = "<group>";
		};
		86772B0A1D62EF6200D8AA03 /* Supporting Files */ = {
			isa = PBXGroup;
			children = (
				86772B0B1D62EF6200D8AA03 /* main.m */,
			);
			name = "Supporting Files";
			sourceTree = "<group>";
		};
		86772B211D62EFAA00D8AA03 /* NewPageFlowView */ = {
			isa = PBXGroup;
			children = (
				86772B221D62EFAA00D8AA03 /* BannerIndexView.h */,
				86772B231D62EFAA00D8AA03 /* BannerIndexView.m */,
				86772B241D62EFAA00D8AA03 /* NewPageFlowView.h */,
				86772B251D62EFAA00D8AA03 /* NewPageFlowView.m */,
			);
			path = NewPageFlowView;
			sourceTree = "<group>";
		};
/* End PBXGroup section */

/* Begin PBXNativeTarget section */
		86772B061D62EF6200D8AA03 /* NewPageFlowView */ = {
			isa = PBXNativeTarget;
			buildConfigurationList = 86772B1E1D62EF6200D8AA03 /* Build configuration list for PBXNativeTarget "NewPageFlowView" */;
			buildPhases = (
				86772B031D62EF6200D8AA03 /* Sources */,
				86772B041D62EF6200D8AA03 /* Frameworks */,
				86772B051D62EF6200D8AA03 /* Resources */,
			);
			buildRules = (
			);
			dependencies = (
			);
			name = NewPageFlowView;
			productName = NewPageFlowView;
			productReference = 86772B071D62EF6200D8AA03 /* NewPageFlowView.app */;
			productType = "com.apple.product-type.application";
		};
/* End PBXNativeTarget section */

/* Begin PBXProject section */
		86772AFF1D62EF6200D8AA03 /* Project object */ = {
			isa = PBXProject;
			attributes = {
				LastUpgradeCheck = 0730;
				ORGANIZATIONNAME = lianjiang;
				TargetAttributes = {
					86772B061D62EF6200D8AA03 = {
						CreatedOnToolsVersion = 7.3.1;
					};
				};
			};
			buildConfigurationList = 86772B021D62EF6200D8AA03 /* Build configuration list for PBXProject "NewPageFlowView" */;
			compatibilityVersion = "Xcode 3.2";
			developmentRegion = English;
			hasScannedForEncodings = 0;
			knownRegions = (
				en,
				Base,
			);
			mainGroup = 86772AFE1D62EF6200D8AA03;
			productRefGroup = 86772B081D62EF6200D8AA03 /* Products */;
			projectDirPath = "";
			projectRoot = "";
			targets = (
				86772B061D62EF6200D8AA03 /* NewPageFlowView */,
			);
		};
/* End PBXProject section */

/* Begin PBXResourcesBuildPhase section */
		86772B051D62EF6200D8AA03 /* Resources */ = {
			isa = PBXResourcesBuildPhase;
			buildActionMask = 2147483647;
			files = (
				86772B1A1D62EF6200D8AA03 /* LaunchScreen.storyboard in Resources */,
				86772B171D62EF6200D8AA03 /* Assets.xcassets in Resources */,
			);
			runOnlyForDeploymentPostprocessing = 0;
		};
/* End PBXResourcesBuildPhase section */

/* Begin PBXSourcesBuildPhase section */
		86772B031D62EF6200D8AA03 /* Sources */ = {
			isa = PBXSourcesBuildPhase;
			buildActionMask = 2147483647;
			files = (
				86772B261D62EFAA00D8AA03 /* BannerIndexView.m in Sources */,
				86772B0F1D62EF6200D8AA03 /* AppDelegate.m in Sources */,
				86772B271D62EFAA00D8AA03 /* NewPageFlowView.m in Sources */,
				86772B2A1D62EFF200D8AA03 /* MainViewController.m in Sources */,
				86772B0C1D62EF6200D8AA03 /* main.m in Sources */,
			);
			runOnlyForDeploymentPostprocessing = 0;
		};
/* End PBXSourcesBuildPhase section */

/* Begin PBXVariantGroup section */
		86772B181D62EF6200D8AA03 /* LaunchScreen.storyboard */ = {
			isa = PBXVariantGroup;
			children = (
				86772B191D62EF6200D8AA03 /* Base */,
			);
			name = LaunchScreen.storyboard;
			sourceTree = "<group>";
		};
/* End PBXVariantGroup section */

/* Begin XCBuildConfiguration section */
		86772B1C1D62EF6200D8AA03 /* Debug */ = {
			isa = XCBuildConfiguration;
			buildSettings = {
				ALWAYS_SEARCH_USER_PATHS = NO;
				CLANG_ANALYZER_NONNULL = YES;
				CLANG_CXX_LANGUAGE_STANDARD = "gnu++0x";
				CLANG_CXX_LIBRARY = "libc++";
				CLANG_ENABLE_MODULES = YES;
				CLANG_ENABLE_OBJC_ARC = YES;
				CLANG_WARN_BOOL_CONVERSION = YES;
				CLANG_WARN_CONSTANT_CONVERSION = YES;
				CLANG_WARN_DIRECT_OBJC_ISA_USAGE = YES_ERROR;
				CLANG_WARN_EMPTY_BODY = YES;
				CLANG_WARN_ENUM_CONVERSION = YES;
				CLANG_WARN_INT_CONVERSION = YES;
				CLANG_WARN_OBJC_ROOT_CLASS = YES_ERROR;
				CLANG_WARN_UNREACHABLE_CODE = YES;
				CLANG_WARN__DUPLICATE_METHOD_MATCH = YES;
				"CODE_SIGN_IDENTITY[sdk=iphoneos*]" = "iPhone Developer";
				COPY_PHASE_STRIP = NO;
				DEBUG_INFORMATION_FORMAT = dwarf;
				ENABLE_STRICT_OBJC_MSGSEND = YES;
				ENABLE_TESTABILITY = YES;
				GCC_C_LANGUAGE_STANDARD = gnu99;
				GCC_DYNAMIC_NO_PIC = NO;
				GCC_NO_COMMON_BLOCKS = YES;
				GCC_OPTIMIZATION_LEVEL = 0;
				GCC_PREPROCESSOR_DEFINITIONS = (
					"DEBUG=1",
					"$(inherited)",
				);
				GCC_WARN_64_TO_32_BIT_CONVERSION = YES;
				GCC_WARN_ABOUT_RETURN_TYPE = YES_ERROR;
				GCC_WARN_UNDECLARED_SELECTOR = YES;
				GCC_WARN_UNINITIALIZED_AUTOS = YES_AGGRESSIVE;
				GCC_WARN_UNUSED_FUNCTION = YES;
				GCC_WARN_UNUSED_VARIABLE = YES;
				IPHONEOS_DEPLOYMENT_TARGET = 9.3;
				MTL_ENABLE_DEBUG_INFO = YES;
				ONLY_ACTIVE_ARCH = YES;
				SDKROOT = iphoneos;
			};
			name = Debug;
		};
		86772B1D1D62EF6200D8AA03 /* Release */ = {
			isa = XCBuildConfiguration;
			buildSettings = {
				ALWAYS_SEARCH_USER_PATHS = NO;
				CLANG_ANALYZER_NONNULL = YES;
				CLANG_CXX_LANGUAGE_STANDARD = "gnu++0x";
				CLANG_CXX_LIBRARY = "libc++";
				CLANG_ENABLE_MODULES = YES;
				CLANG_ENABLE_OBJC_ARC = YES;
				CLANG_WARN_BOOL_CONVERSION = YES;
				CLANG_WARN_CONSTANT_CONVERSION = YES;
				CLANG_WARN_DIRECT_OBJC_ISA_USAGE = YES_ERROR;
				CLANG_WARN_EMPTY_BODY = YES;
				CLANG_WARN_ENUM_CONVERSION = YES;
				CLANG_WARN_INT_CONVERSION = YES;
				CLANG_WARN_OBJC_ROOT_CLASS = YES_ERROR;
				CLANG_WARN_UNREACHABLE_CODE = YES;
				CLANG_WARN__DUPLICATE_METHOD_MATCH = YES;
				"CODE_SIGN_IDENTITY[sdk=iphoneos*]" = "iPhone Developer";
				COPY_PHASE_STRIP = NO;
				DEBUG_INFORMATION_FORMAT = "dwarf-with-dsym";
				ENABLE_NS_ASSERTIONS = NO;
				ENABLE_STRICT_OBJC_MSGSEND = YES;
				GCC_C_LANGUAGE_STANDARD = gnu99;
				GCC_NO_COMMON_BLOCKS = YES;
				GCC_WARN_64_TO_32_BIT_CONVERSION = YES;
				GCC_WARN_ABOUT_RETURN_TYPE = YES_ERROR;
				GCC_WARN_UNDECLARED_SELECTOR = YES;
				GCC_WARN_UNINITIALIZED_AUTOS = YES_AGGRESSIVE;
				GCC_WARN_UNUSED_FUNCTION = YES;
				GCC_WARN_UNUSED_VARIABLE = YES;
				IPHONEOS_DEPLOYMENT_TARGET = 9.3;
				MTL_ENABLE_DEBUG_INFO = NO;
				SDKROOT = iphoneos;
				VALIDATE_PRODUCT = YES;
			};
			name = Release;
		};
		86772B1F1D62EF6200D8AA03 /* Debug */ = {
			isa = XCBuildConfiguration;
			buildSettings = {
				ASSETCATALOG_COMPILER_APPICON_NAME = AppIcon;
				INFOPLIST_FILE = NewPageFlowView/Info.plist;
				IPHONEOS_DEPLOYMENT_TARGET = 8.0;
				LD_RUNPATH_SEARCH_PATHS = "$(inherited) @executable_path/Frameworks";
				PRODUCT_BUNDLE_IDENTIFIER = com.lianjiang.NewPageFlowView;
				PRODUCT_NAME = "$(TARGET_NAME)";
			};
			name = Debug;
		};
		86772B201D62EF6200D8AA03 /* Release */ = {
			isa = XCBuildConfiguration;
			buildSettings = {
				ASSETCATALOG_COMPILER_APPICON_NAME = AppIcon;
				INFOPLIST_FILE = NewPageFlowView/Info.plist;
				IPHONEOS_DEPLOYMENT_TARGET = 8.0;
				LD_RUNPATH_SEARCH_PATHS = "$(inherited) @executable_path/Frameworks";
				PRODUCT_BUNDLE_IDENTIFIER = com.lianjiang.NewPageFlowView;
				PRODUCT_NAME = "$(TARGET_NAME)";
			};
			name = Release;
		};
/* End XCBuildConfiguration section */

/* Begin XCConfigurationList section */
		86772B021D62EF6200D8AA03 /* Build configuration list for PBXProject "NewPageFlowView" */ = {
			isa = XCConfigurationList;
			buildConfigurations = (
				86772B1C1D62EF6200D8AA03 /* Debug */,
				86772B1D1D62EF6200D8AA03 /* Release */,
			);
			defaultConfigurationIsVisible = 0;
			defaultConfigurationName = Release;
		};
		86772B1E1D62EF6200D8AA03 /* Build configuration list for PBXNativeTarget "NewPageFlowView" */ = {
			isa = XCConfigurationList;
			buildConfigurations = (
				86772B1F1D62EF6200D8AA03 /* Debug */,
				86772B201D62EF6200D8AA03 /* Release */,
			);
			defaultConfigurationIsVisible = 0;
		};
/* End XCConfigurationList section */
	};
	rootObject = 86772AFF1D62EF6200D8AA03 /* Project object */;
}
